
Microsoft Visual Studio Solution File, Format Version 12.00
# Visual Studio Version 17
VisualStudioVersion = 17.7.34031.279
MinimumVisualStudioVersion = 10.0.40219.1
Project("{9A19103F-16F7-4668-BE54-9A1E7A4F7556}") = "MunirLinqQuery", "MunirLinqQuery\MunirLinqQuery.csproj", "{FB9C71AD-280C-48E1-82C8-07197C962773}"
EndProject
Global
	GlobalSection(SolutionConfigurationPlatforms) = preSolution
		Debug|Any CPU = Debug|Any CPU
		Release|Any CPU = Release|Any CPU
	EndGlobalSection
	GlobalSection(ProjectConfigurationPlatforms) = postSolution
		{FB9C71AD-280C-48E1-82C8-07197C962773}.Debug|Any CPU.ActiveCfg = Debug|Any CPU
		{FB9C71AD-280C-48E1-82C8-07197C962773}.Debug|Any CPU.Build.0 = Debug|Any CPU
		{FB9C71AD-280C-48E1-82C8-07197C962773}.Release|Any CPU.ActiveCfg = Release|Any CPU
		{FB9C71AD-280C-48E1-82C8-07197C962773}.Release|Any CPU.Build.0 = Release|Any CPU
	EndGlobalSection
	GlobalSection(SolutionProperties) = preSolution
		HideSolutionNode = FALSE
	EndGlobalSection
	GlobalSection(ExtensibilityGlobals) = postSolution
		SolutionGuid = {950BAC29-540A-40B6-B136-7DE0E74DC889}
	EndGlobalSection
EndGlobal
